// !$*UTF8*$!
{
	archiveVersion = 1;
	classes = {
	};
	objectVersion = 50;
	objects = {

/* Begin PBXBuildFile section */
		A5A2348321265C8400C4DDAA /* NSObjectExtension.swift in Sources */ = {isa = PBXBuildFile; fileRef = A5A2348221265C8400C4DDAA /* NSObjectExtension.swift */; };
		A5A234882128DF0800C4DDAA /* UIHomeViewCollectionViewCell.swift in Sources */ = {isa = PBXBuildFile; fileRef = A5A234872128DF0800C4DDAA /* UIHomeViewCollectionViewCell.swift */; };
		A5A2348A2129880900C4DDAA /* UIBannerCollectionViewCell.swift in Sources */ = {isa = PBXBuildFile; fileRef = A5A234892129880900C4DDAA /* UIBannerCollectionViewCell.swift */; };
		A5A2348C2129977900C4DDAA /* UIBannerCollectionView.swift in Sources */ = {isa = PBXBuildFile; fileRef = A5A2348B2129977900C4DDAA /* UIBannerCollectionView.swift */; };
		A5D3AC492114242600083152 /* HomeViewController.swift in Sources */ = {isa = PBXBuildFile; fileRef = A5D3AC482114242600083152 /* HomeViewController.swift */; };
		A5D3AC502114434E00083152 /* RadioButtonGroup.swift in Sources */ = {isa = PBXBuildFile; fileRef = A5D3AC4F2114434E00083152 /* RadioButtonGroup.swift */; };
		A5D3AC522119654900083152 /* RadioButton.swift in Sources */ = {isa = PBXBuildFile; fileRef = A5D3AC512119654900083152 /* RadioButton.swift */; };
		A5ECB2F821138EF0008A18D0 /* AppDelegate.swift in Sources */ = {isa = PBXBuildFile; fileRef = A5ECB2F721138EF0008A18D0 /* AppDelegate.swift */; };
		A5ECB2FD21138EF0008A18D0 /* Main.storyboard in Resources */ = {isa = PBXBuildFile; fileRef = A5ECB2FB21138EF0008A18D0 /* Main.storyboard */; };
		A5ECB2FF21138EF1008A18D0 /* Assets.xcassets in Resources */ = {isa = PBXBuildFile; fileRef = A5ECB2FE21138EF1008A18D0 /* Assets.xcassets */; };
		A5ECB30221138EF1008A18D0 /* LaunchScreen.storyboard in Resources */ = {isa = PBXBuildFile; fileRef = A5ECB30021138EF1008A18D0 /* LaunchScreen.storyboard */; };
		A5FCAB37211C6797001350F1 /* UIShadowNavigationBar.swift in Sources */ = {isa = PBXBuildFile; fileRef = A5FCAB36211C6797001350F1 /* UIShadowNavigationBar.swift */; };
		A5FCAB3A211C9345001350F1 /* UIColorExtension.swift in Sources */ = {isa = PBXBuildFile; fileRef = A5FCAB39211C9345001350F1 /* UIColorExtension.swift */; };
/* End PBXBuildFile section */

/* Begin PBXFileReference section */
		A5A2348221265C8400C4DDAA /* NSObjectExtension.swift */ = {isa = PBXFileReference; lastKnownFileType = sourcecode.swift; path = NSObjectExtension.swift; sourceTree = "<group>"; };
		A5A234872128DF0800C4DDAA /* UIHomeViewCollectionViewCell.swift */ = {isa = PBXFileReference; lastKnownFileType = sourcecode.swift; path = UIHomeViewCollectionViewCell.swift; sourceTree = "<group>"; };
		A5A234892129880900C4DDAA /* UIBannerCollectionViewCell.swift */ = {isa = PBXFileReference; lastKnownFileType = sourcecode.swift; path = UIBannerCollectionViewCell.swift; sourceTree = "<group>"; };
		A5A2348B2129977900C4DDAA /* UIBannerCollectionView.swift */ = {isa = PBXFileReference; lastKnownFileType = sourcecode.swift; path = UIBannerCollectionView.swift; sourceTree = "<group>"; };
		A5D3AC482114242600083152 /* HomeViewController.swift */ = {isa = PBXFileReference; lastKnownFileType = sourcecode.swift; path = HomeViewController.swift; sourceTree = "<group>"; };
		A5D3AC4F2114434E00083152 /* RadioButtonGroup.swift */ = {isa = PBXFileReference; lastKnownFileType = sourcecode.swift; path = RadioButtonGroup.swift; sourceTree = "<group>"; };
		A5D3AC512119654900083152 /* RadioButton.swift */ = {isa = PBXFileReference; lastKnownFileType = sourcecode.swift; path = RadioButton.swift; sourceTree = "<group>"; };
		A5ECB2F421138EF0008A18D0 /* Bridge-iOS.app */ = {isa = PBXFileReference; explicitFileType = wrapper.application; includeInIndex = 0; path = "Bridge-iOS.app"; sourceTree = BUILT_PRODUCTS_DIR; };
		A5ECB2F721138EF0008A18D0 /* AppDelegate.swift */ = {isa = PBXFileReference; lastKnownFileType = sourcecode.swift; path = AppDelegate.swift; sourceTree = "<group>"; };
		A5ECB2FC21138EF0008A18D0 /* Base */ = {isa = PBXFileReference; lastKnownFileType = file.storyboard; name = Base; path = Base.lproj/Main.storyboard; sourceTree = "<group>"; };
		A5ECB2FE21138EF1008A18D0 /* Assets.xcassets */ = {isa = PBXFileReference; lastKnownFileType = folder.assetcatalog; path = Assets.xcassets; sourceTree = "<group>"; };
		A5ECB30121138EF1008A18D0 /* Base */ = {isa = PBXFileReference; lastKnownFileType = file.storyboard; name = Base; path = Base.lproj/LaunchScreen.storyboard; sourceTree = "<group>"; };
		A5ECB30321138EF1008A18D0 /* Info.plist */ = {isa = PBXFileReference; lastKnownFileType = text.plist.xml; path = Info.plist; sourceTree = "<group>"; };
		A5FCAB36211C6797001350F1 /* UIShadowNavigationBar.swift */ = {isa = PBXFileReference; lastKnownFileType = sourcecode.swift; path = UIShadowNavigationBar.swift; sourceTree = "<group>"; };
		A5FCAB39211C9345001350F1 /* UIColorExtension.swift */ = {isa = PBXFileReference; lastKnownFileType = sourcecode.swift; path = UIColorExtension.swift; sourceTree = "<group>"; };
/* End PBXFileReference section */

/* Begin PBXFrameworksBuildPhase section */
		A5ECB2F121138EF0008A18D0 /* Frameworks */ = {
			isa = PBXFrameworksBuildPhase;
			buildActionMask = 2147483647;
			files = (
			);
			runOnlyForDeploymentPostprocessing = 0;
		};
/* End PBXFrameworksBuildPhase section */

/* Begin PBXGroup section */
		A52A65EE211B46F10093EE00 /* RadioButton */ = {
			isa = PBXGroup;
			children = (
				A5D3AC512119654900083152 /* RadioButton.swift */,
				A5D3AC4F2114434E00083152 /* RadioButtonGroup.swift */,
			);
			path = RadioButton;
			sourceTree = "<group>";
		};
		A5A234842128C97E00C4DDAA /* CollectionView */ = {
			isa = PBXGroup;
			children = (
				A5A234852128CC4000C4DDAA /* View */,
				A5A234862128CC4500C4DDAA /* Cell */,
			);
			path = CollectionView;
			sourceTree = "<group>";
		};
		A5A234852128CC4000C4DDAA /* View */ = {
			isa = PBXGroup;
			children = (
				A5A2348B2129977900C4DDAA /* UIBannerCollectionView.swift */,
			);
			path = View;
			sourceTree = "<group>";
		};
		A5A234862128CC4500C4DDAA /* Cell */ = {
			isa = PBXGroup;
			children = (
				A5A234872128DF0800C4DDAA /* UIHomeViewCollectionViewCell.swift */,
				A5A234892129880900C4DDAA /* UIBannerCollectionViewCell.swift */,
			);
			path = Cell;
			sourceTree = "<group>";
		};
		A5D3AC4A2114242D00083152 /* ViewController */ = {
			isa = PBXGroup;
			children = (
				A5D3AC482114242600083152 /* HomeViewController.swift */,
			);
			path = ViewController;
			sourceTree = "<group>";
		};
		A5D3AC4B2114243400083152 /* Storyboard */ = {
			isa = PBXGroup;
			children = (
				A5ECB2FB21138EF0008A18D0 /* Main.storyboard */,
				A5ECB30021138EF1008A18D0 /* LaunchScreen.storyboard */,
			);
			path = Storyboard;
			sourceTree = "<group>";
		};
		A5D3AC4C2114243E00083152 /* Asset */ = {
			isa = PBXGroup;
			children = (
				A5ECB2FE21138EF1008A18D0 /* Assets.xcassets */,
			);
			path = Asset;
			sourceTree = "<group>";
		};
		A5D3AC4D2114431200083152 /* Util */ = {
			isa = PBXGroup;
			children = (
				A5FCAB38211C9335001350F1 /* Extension */,
				A5D3AC4E2114433D00083152 /* UI */,
			);
			path = Util;
			sourceTree = "<group>";
		};
		A5D3AC4E2114433D00083152 /* UI */ = {
			isa = PBXGroup;
			children = (
				A5A234842128C97E00C4DDAA /* CollectionView */,
				A5FCAB35211C6770001350F1 /* NavigationBar */,
				A52A65EE211B46F10093EE00 /* RadioButton */,
			);
			path = UI;
			sourceTree = "<group>";
		};
		A5ECB2EB21138EF0008A18D0 = {
			isa = PBXGroup;
			children = (
				A5ECB2F621138EF0008A18D0 /* Bridge-iOS */,
				A5ECB2F521138EF0008A18D0 /* Products */,
			);
			sourceTree = "<group>";
		};
		A5ECB2F521138EF0008A18D0 /* Products */ = {
			isa = PBXGroup;
			children = (
				A5ECB2F421138EF0008A18D0 /* Bridge-iOS.app */,
			);
			name = Products;
			sourceTree = "<group>";
		};
		A5ECB2F621138EF0008A18D0 /* Bridge-iOS */ = {
			isa = PBXGroup;
			children = (
				A5D3AC4C2114243E00083152 /* Asset */,
				A5D3AC4B2114243400083152 /* Storyboard */,
				A5D3AC4D2114431200083152 /* Util */,
				A5D3AC4A2114242D00083152 /* ViewController */,
				A5ECB2F721138EF0008A18D0 /* AppDelegate.swift */,
				A5ECB30321138EF1008A18D0 /* Info.plist */,
			);
			path = "Bridge-iOS";
			sourceTree = "<group>";
		};
		A5FCAB35211C6770001350F1 /* NavigationBar */ = {
			isa = PBXGroup;
			children = (
				A5FCAB36211C6797001350F1 /* UIShadowNavigationBar.swift */,
			);
			path = NavigationBar;
			sourceTree = "<group>";
		};
		A5FCAB38211C9335001350F1 /* Extension */ = {
			isa = PBXGroup;
			children = (
				A5FCAB39211C9345001350F1 /* UIColorExtension.swift */,
				A5A2348221265C8400C4DDAA /* NSObjectExtension.swift */,
			);
			path = Extension;
			sourceTree = "<group>";
		};
/* End PBXGroup section */

/* Begin PBXNativeTarget section */
		A5ECB2F321138EF0008A18D0 /* Bridge-iOS */ = {
			isa = PBXNativeTarget;
			buildConfigurationList = A5ECB30621138EF1008A18D0 /* Build configuration list for PBXNativeTarget "Bridge-iOS" */;
			buildPhases = (
				A5ECB2F021138EF0008A18D0 /* Sources */,
				A5ECB2F121138EF0008A18D0 /* Frameworks */,
				A5ECB2F221138EF0008A18D0 /* Resources */,
			);
			buildRules = (
			);
			dependencies = (
			);
			name = "Bridge-iOS";
			productName = "Bridge-iOS";
			productReference = A5ECB2F421138EF0008A18D0 /* Bridge-iOS.app */;
			productType = "com.apple.product-type.application";
		};
/* End PBXNativeTarget section */

/* Begin PBXProject section */
		A5ECB2EC21138EF0008A18D0 /* Project object */ = {
			isa = PBXProject;
			attributes = {
				LastSwiftUpdateCheck = 0940;
				LastUpgradeCheck = 0940;
				ORGANIZATIONNAME = codevillain;
				TargetAttributes = {
					A5ECB2F321138EF0008A18D0 = {
						CreatedOnToolsVersion = 9.4.1;
					};
				};
			};
			buildConfigurationList = A5ECB2EF21138EF0008A18D0 /* Build configuration list for PBXProject "Bridge-iOS" */;
			compatibilityVersion = "Xcode 9.3";
			developmentRegion = en;
			hasScannedForEncodings = 0;
			knownRegions = (
				en,
				Base,
			);
			mainGroup = A5ECB2EB21138EF0008A18D0;
			productRefGroup = A5ECB2F521138EF0008A18D0 /* Products */;
			projectDirPath = "";
			projectRoot = "";
			targets = (
				A5ECB2F321138EF0008A18D0 /* Bridge-iOS */,
			);
		};
/* End PBXProject section */

/* Begin PBXResourcesBuildPhase section */
		A5ECB2F221138EF0008A18D0 /* Resources */ = {
			isa = PBXResourcesBuildPhase;
			buildActionMask = 2147483647;
			files = (
				A5ECB30221138EF1008A18D0 /* LaunchScreen.storyboard in Resources */,
				A5ECB2FF21138EF1008A18D0 /* Assets.xcassets in Resources */,
				A5ECB2FD21138EF0008A18D0 /* Main.storyboard in Resources */,
			);
			runOnlyForDeploymentPostprocessing = 0;
		};
/* End PBXResourcesBuildPhase section */

/* Begin PBXSourcesBuildPhase section */
		A5ECB2F021138EF0008A18D0 /* Sources */ = {
			isa = PBXSourcesBuildPhase;
			buildActionMask = 2147483647;
			files = (
				A5FCAB37211C6797001350F1 /* UIShadowNavigationBar.swift in Sources */,
				A5D3AC502114434E00083152 /* RadioButtonGroup.swift in Sources */,
				A5ECB2F821138EF0008A18D0 /* AppDelegate.swift in Sources */,
				A5A2348321265C8400C4DDAA /* NSObjectExtension.swift in Sources */,
				A5A2348C2129977900C4DDAA /* UIBannerCollectionView.swift in Sources */,
				A5A234882128DF0800C4DDAA /* UIHomeViewCollectionViewCell.swift in Sources */,
				A5D3AC492114242600083152 /* HomeViewController.swift in Sources */,
				A5D3AC522119654900083152 /* RadioButton.swift in Sources */,
				A5A2348A2129880900C4DDAA /* UIBannerCollectionViewCell.swift in Sources */,
				A5FCAB3A211C9345001350F1 /* UIColorExtension.swift in Sources */,
			);
			runOnlyForDeploymentPostprocessing = 0;
		};
/* End PBXSourcesBuildPhase section */

/* Begin PBXVariantGroup section */
		A5ECB2FB21138EF0008A18D0 /* Main.storyboard */ = {
			isa = PBXVariantGroup;
			children = (
				A5ECB2FC21138EF0008A18D0 /* Base */,
			);
			name = Main.storyboard;
			sourceTree = "<group>";
		};
		A5ECB30021138EF1008A18D0 /* LaunchScreen.storyboard */ = {
			isa = PBXVariantGroup;
			children = (
				A5ECB30121138EF1008A18D0 /* Base */,
			);
			name = LaunchScreen.storyboard;
			sourceTree = "<group>";
		};
/* End PBXVariantGroup section */

/* Begin XCBuildConfiguration section */
		A5ECB30421138EF1008A18D0 /* Debug */ = {
			isa = XCBuildConfiguration;
			buildSettings = {
				ALWAYS_SEARCH_USER_PATHS = NO;
				CLANG_ANALYZER_NONNULL = YES;
				CLANG_ANALYZER_NUMBER_OBJECT_CONVERSION = YES_AGGRESSIVE;
				CLANG_CXX_LANGUAGE_STANDARD = "gnu++14";
				CLANG_CXX_LIBRARY = "libc++";
				CLANG_ENABLE_MODULES = YES;
				CLANG_ENABLE_OBJC_ARC = YES;
				CLANG_ENABLE_OBJC_WEAK = YES;
				CLANG_WARN_BLOCK_CAPTURE_AUTORELEASING = YES;
				CLANG_WARN_BOOL_CONVERSION = YES;
				CLANG_WARN_COMMA = YES;
				CLANG_WARN_CONSTANT_CONVERSION = YES;
				CLANG_WARN_DEPRECATED_OBJC_IMPLEMENTATIONS = YES;
				CLANG_WARN_DIRECT_OBJC_ISA_USAGE = YES_ERROR;
				CLANG_WARN_DOCUMENTATION_COMMENTS = YES;
				CLANG_WARN_EMPTY_BODY = YES;
				CLANG_WARN_ENUM_CONVERSION = YES;
				CLANG_WARN_INFINITE_RECURSION = YES;
				CLANG_WARN_INT_CONVERSION = YES;
				CLANG_WARN_NON_LITERAL_NULL_CONVERSION = YES;
				CLANG_WARN_OBJC_IMPLICIT_RETAIN_SELF = YES;
				CLANG_WARN_OBJC_LITERAL_CONVERSION = YES;
				CLANG_WARN_OBJC_ROOT_CLASS = YES_ERROR;
				CLANG_WARN_RANGE_LOOP_ANALYSIS = YES;
				CLANG_WARN_STRICT_PROTOTYPES = YES;
				CLANG_WARN_SUSPICIOUS_MOVE = YES;
				CLANG_WARN_UNGUARDED_AVAILABILITY = YES_AGGRESSIVE;
				CLANG_WARN_UNREACHABLE_CODE = YES;
				CLANG_WARN__DUPLICATE_METHOD_MATCH = YES;
				CODE_SIGN_IDENTITY = "iPhone Developer";
				COPY_PHASE_STRIP = NO;
				DEBUG_INFORMATION_FORMAT = dwarf;
				ENABLE_STRICT_OBJC_MSGSEND = YES;
				ENABLE_TESTABILITY = YES;
				GCC_C_LANGUAGE_STANDARD = gnu11;
				GCC_DYNAMIC_NO_PIC = NO;
				GCC_NO_COMMON_BLOCKS = YES;
				GCC_OPTIMIZATION_LEVEL = 0;
				GCC_PREPROCESSOR_DEFINITIONS = (
					"DEBUG=1",
					"$(inherited)",
				);
				GCC_WARN_64_TO_32_BIT_CONVERSION = YES;
				GCC_WARN_ABOUT_RETURN_TYPE = YES_ERROR;
				GCC_WARN_UNDECLARED_SELECTOR = YES;
				GCC_WARN_UNINITIALIZED_AUTOS = YES_AGGRESSIVE;
				GCC_WARN_UNUSED_FUNCTION = YES;
				GCC_WARN_UNUSED_VARIABLE = YES;
				IPHONEOS_DEPLOYMENT_TARGET = 11.4;
				MTL_ENABLE_DEBUG_INFO = YES;
				ONLY_ACTIVE_ARCH = YES;
				SDKROOT = iphoneos;
				SWIFT_ACTIVE_COMPILATION_CONDITIONS = DEBUG;
				SWIFT_OPTIMIZATION_LEVEL = "-Onone";
			};
			name = Debug;
		};
		A5ECB30521138EF1008A18D0 /* Release */ = {
			isa = XCBuildConfiguration;
			buildSettings = {
				ALWAYS_SEARCH_USER_PATHS = NO;
				CLANG_ANALYZER_NONNULL = YES;
				CLANG_ANALYZER_NUMBER_OBJECT_CONVERSION = YES_AGGRESSIVE;
				CLANG_CXX_LANGUAGE_STANDARD = "gnu++14";
				CLANG_CXX_LIBRARY = "libc++";
				CLANG_ENABLE_MODULES = YES;
				CLANG_ENABLE_OBJC_ARC = YES;
				CLANG_ENABLE_OBJC_WEAK = YES;
				CLANG_WARN_BLOCK_CAPTURE_AUTORELEASING = YES;
				CLANG_WARN_BOOL_CONVERSION = YES;
				CLANG_WARN_COMMA = YES;
				CLANG_WARN_CONSTANT_CONVERSION = YES;
				CLANG_WARN_DEPRECATED_OBJC_IMPLEMENTATIONS = YES;
				CLANG_WARN_DIRECT_OBJC_ISA_USAGE = YES_ERROR;
				CLANG_WARN_DOCUMENTATION_COMMENTS = YES;
				CLANG_WARN_EMPTY_BODY = YES;
				CLANG_WARN_ENUM_CONVERSION = YES;
				CLANG_WARN_INFINITE_RECURSION = YES;
				CLANG_WARN_INT_CONVERSION = YES;
				CLANG_WARN_NON_LITERAL_NULL_CONVERSION = YES;
				CLANG_WARN_OBJC_IMPLICIT_RETAIN_SELF = YES;
				CLANG_WARN_OBJC_LITERAL_CONVERSION = YES;
				CLANG_WARN_OBJC_ROOT_CLASS = YES_ERROR;
				CLANG_WARN_RANGE_LOOP_ANALYSIS = YES;
				CLANG_WARN_STRICT_PROTOTYPES = YES;
				CLANG_WARN_SUSPICIOUS_MOVE = YES;
				CLANG_WARN_UNGUARDED_AVAILABILITY = YES_AGGRESSIVE;
				CLANG_WARN_UNREACHABLE_CODE = YES;
				CLANG_WARN__DUPLICATE_METHOD_MATCH = YES;
				CODE_SIGN_IDENTITY = "iPhone Developer";
				COPY_PHASE_STRIP = NO;
				DEBUG_INFORMATION_FORMAT = "dwarf-with-dsym";
				ENABLE_NS_ASSERTIONS = NO;
				ENABLE_STRICT_OBJC_MSGSEND = YES;
				GCC_C_LANGUAGE_STANDARD = gnu11;
				GCC_NO_COMMON_BLOCKS = YES;
				GCC_WARN_64_TO_32_BIT_CONVERSION = YES;
				GCC_WARN_ABOUT_RETURN_TYPE = YES_ERROR;
				GCC_WARN_UNDECLARED_SELECTOR = YES;
				GCC_WARN_UNINITIALIZED_AUTOS = YES_AGGRESSIVE;
				GCC_WARN_UNUSED_FUNCTION = YES;
				GCC_WARN_UNUSED_VARIABLE = YES;
				IPHONEOS_DEPLOYMENT_TARGET = 11.4;
				MTL_ENABLE_DEBUG_INFO = NO;
				SDKROOT = iphoneos;
				SWIFT_COMPILATION_MODE = wholemodule;
				SWIFT_OPTIMIZATION_LEVEL = "-O";
				VALIDATE_PRODUCT = YES;
			};
			name = Release;
		};
		A5ECB30721138EF1008A18D0 /* Debug */ = {
			isa = XCBuildConfiguration;
			buildSettings = {
				ASSETCATALOG_COMPILER_APPICON_NAME = AppIcon;
				CODE_SIGN_STYLE = Automatic;
				INFOPLIST_FILE = "Bridge-iOS/Info.plist";
				LD_RUNPATH_SEARCH_PATHS = (
					"$(inherited)",
					"@executable_path/Frameworks",
				);
				PRODUCT_BUNDLE_IDENTIFIER = "com.codevillain.Bridge-iOS";
				PRODUCT_NAME = "$(TARGET_NAME)";
				SWIFT_VERSION = 4.0;
				TARGETED_DEVICE_FAMILY = "1,2";
			};
			name = Debug;
		};
		A5ECB30821138EF1008A18D0 /* Release */ = {
			isa = XCBuildConfiguration;
			buildSettings = {
				ASSETCATALOG_COMPILER_APPICON_NAME = AppIcon;
				CODE_SIGN_STYLE = Automatic;
				INFOPLIST_FILE = "Bridge-iOS/Info.plist";
				LD_RUNPATH_SEARCH_PATHS = (
					"$(inherited)",
					"@executable_path/Frameworks",
				);
				PRODUCT_BUNDLE_IDENTIFIER = "com.codevillain.Bridge-iOS";
				PRODUCT_NAME = "$(TARGET_NAME)";
				SWIFT_VERSION = 4.0;
				TARGETED_DEVICE_FAMILY = "1,2";
			};
			name = Release;
		};
/* End XCBuildConfiguration section */

/* Begin XCConfigurationList section */
		A5ECB2EF21138EF0008A18D0 /* Build configuration list for PBXProject "Bridge-iOS" */ = {
			isa = XCConfigurationList;
			buildConfigurations = (
				A5ECB30421138EF1008A18D0 /* Debug */,
				A5ECB30521138EF1008A18D0 /* Release */,
			);
			defaultConfigurationIsVisible = 0;
			defaultConfigurationName = Release;
		};
		A5ECB30621138EF1008A18D0 /* Build configuration list for PBXNativeTarget "Bridge-iOS" */ = {
			isa = XCConfigurationList;
			buildConfigurations = (
				A5ECB30721138EF1008A18D0 /* Debug */,
				A5ECB30821138EF1008A18D0 /* Release */,
			);
			defaultConfigurationIsVisible = 0;
			defaultConfigurationName = Release;
		};
/* End XCConfigurationList section */
	};
	rootObject = A5ECB2EC21138EF0008A18D0 /* Project object */;
}
