// !$*UTF8*$!
{
	archiveVersion = 1;
	classes = {
	};
	objectVersion = 50;
	objects = {

/* Begin PBXBuildFile section */
		A57D503C20E7C4B0002967CC /* AppDelegate.swift in Sources */ = {isa = PBXBuildFile; fileRef = A57D503B20E7C4B0002967CC /* AppDelegate.swift */; };
		A57D503E20E7C4B0002967CC /* ViewController.swift in Sources */ = {isa = PBXBuildFile; fileRef = A57D503D20E7C4B0002967CC /* ViewController.swift */; };
		A57D504120E7C4B0002967CC /* Main.storyboard in Resources */ = {isa = PBXBuildFile; fileRef = A57D503F20E7C4B0002967CC /* Main.storyboard */; };
		A57D504320E7C4B1002967CC /* Assets.xcassets in Resources */ = {isa = PBXBuildFile; fileRef = A57D504220E7C4B1002967CC /* Assets.xcassets */; };
		A57D504620E7C4B1002967CC /* LaunchScreen.storyboard in Resources */ = {isa = PBXBuildFile; fileRef = A57D504420E7C4B1002967CC /* LaunchScreen.storyboard */; };
/* End PBXBuildFile section */

/* Begin PBXFileReference section */
		A57D503820E7C4B0002967CC /* Bridge-iOS.app */ = {isa = PBXFileReference; explicitFileType = wrapper.application; includeInIndex = 0; path = "Bridge-iOS.app"; sourceTree = BUILT_PRODUCTS_DIR; };
		A57D503B20E7C4B0002967CC /* AppDelegate.swift */ = {isa = PBXFileReference; lastKnownFileType = sourcecode.swift; path = AppDelegate.swift; sourceTree = "<group>"; };
		A57D503D20E7C4B0002967CC /* ViewController.swift */ = {isa = PBXFileReference; lastKnownFileType = sourcecode.swift; path = ViewController.swift; sourceTree = "<group>"; };
		A57D504020E7C4B0002967CC /* Base */ = {isa = PBXFileReference; lastKnownFileType = file.storyboard; name = Base; path = Base.lproj/Main.storyboard; sourceTree = "<group>"; };
		A57D504220E7C4B1002967CC /* Assets.xcassets */ = {isa = PBXFileReference; lastKnownFileType = folder.assetcatalog; path = Assets.xcassets; sourceTree = "<group>"; };
		A57D504520E7C4B1002967CC /* Base */ = {isa = PBXFileReference; lastKnownFileType = file.storyboard; name = Base; path = Base.lproj/LaunchScreen.storyboard; sourceTree = "<group>"; };
		A57D504720E7C4B1002967CC /* Info.plist */ = {isa = PBXFileReference; lastKnownFileType = text.plist.xml; path = Info.plist; sourceTree = "<group>"; };
/* End PBXFileReference section */

/* Begin PBXFrameworksBuildPhase section */
		A57D503520E7C4B0002967CC /* Frameworks */ = {
			isa = PBXFrameworksBuildPhase;
			buildActionMask = 2147483647;
			files = (
			);
			runOnlyForDeploymentPostprocessing = 0;
		};
/* End PBXFrameworksBuildPhase section */

/* Begin PBXGroup section */
		A57D502F20E7C4B0002967CC = {
			isa = PBXGroup;
			children = (
				A57D503A20E7C4B0002967CC /* Bridge-iOS */,
				A57D503920E7C4B0002967CC /* Products */,
			);
			sourceTree = "<group>";
		};
		A57D503920E7C4B0002967CC /* Products */ = {
			isa = PBXGroup;
			children = (
				A57D503820E7C4B0002967CC /* Bridge-iOS.app */,
			);
			name = Products;
			sourceTree = "<group>";
		};
		A57D503A20E7C4B0002967CC /* Bridge-iOS */ = {
			isa = PBXGroup;
			children = (
				A5E17D8920E86EF40059ADBB /* Storyboard */,
				A5E17D8820E86EEC0059ADBB /* ViewController */,
				A5E17D8720E86EE50059ADBB /* Asset */,
				A57D503B20E7C4B0002967CC /* AppDelegate.swift */,
				A57D504720E7C4B1002967CC /* Info.plist */,
			);
			path = "Bridge-iOS";
			sourceTree = "<group>";
		};
		A5E17D8720E86EE50059ADBB /* Asset */ = {
			isa = PBXGroup;
			children = (
				A57D504220E7C4B1002967CC /* Assets.xcassets */,
			);
			path = Asset;
			sourceTree = "<group>";
		};
		A5E17D8820E86EEC0059ADBB /* ViewController */ = {
			isa = PBXGroup;
			children = (
				A57D503D20E7C4B0002967CC /* ViewController.swift */,
			);
			path = ViewController;
			sourceTree = "<group>";
		};
		A5E17D8920E86EF40059ADBB /* Storyboard */ = {
			isa = PBXGroup;
			children = (
				A57D503F20E7C4B0002967CC /* Main.storyboard */,
				A57D504420E7C4B1002967CC /* LaunchScreen.storyboard */,
			);
			path = Storyboard;
			sourceTree = "<group>";
		};
/* End PBXGroup section */

/* Begin PBXNativeTarget section */
		A57D503720E7C4B0002967CC /* Bridge-iOS */ = {
			isa = PBXNativeTarget;
			buildConfigurationList = A57D504A20E7C4B1002967CC /* Build configuration list for PBXNativeTarget "Bridge-iOS" */;
			buildPhases = (
				A57D503420E7C4B0002967CC /* Sources */,
				A57D503520E7C4B0002967CC /* Frameworks */,
				A57D503620E7C4B0002967CC /* Resources */,
			);
			buildRules = (
			);
			dependencies = (
			);
			name = "Bridge-iOS";
			productName = "Bridge-iOS";
			productReference = A57D503820E7C4B0002967CC /* Bridge-iOS.app */;
			productType = "com.apple.product-type.application";
		};
/* End PBXNativeTarget section */

/* Begin PBXProject section */
		A57D503020E7C4B0002967CC /* Project object */ = {
			isa = PBXProject;
			attributes = {
				LastSwiftUpdateCheck = 0940;
				LastUpgradeCheck = 0940;
				ORGANIZATIONNAME = codevillain;
				TargetAttributes = {
					A57D503720E7C4B0002967CC = {
						CreatedOnToolsVersion = 9.4.1;
					};
				};
			};
			buildConfigurationList = A57D503320E7C4B0002967CC /* Build configuration list for PBXProject "Bridge-iOS" */;
			compatibilityVersion = "Xcode 9.3";
			developmentRegion = en;
			hasScannedForEncodings = 0;
			knownRegions = (
				en,
				Base,
			);
			mainGroup = A57D502F20E7C4B0002967CC;
			productRefGroup = A57D503920E7C4B0002967CC /* Products */;
			projectDirPath = "";
			projectRoot = "";
			targets = (
				A57D503720E7C4B0002967CC /* Bridge-iOS */,
			);
		};
/* End PBXProject section */

/* Begin PBXResourcesBuildPhase section */
		A57D503620E7C4B0002967CC /* Resources */ = {
			isa = PBXResourcesBuildPhase;
			buildActionMask = 2147483647;
			files = (
				A57D504620E7C4B1002967CC /* LaunchScreen.storyboard in Resources */,
				A57D504320E7C4B1002967CC /* Assets.xcassets in Resources */,
				A57D504120E7C4B0002967CC /* Main.storyboard in Resources */,
			);
			runOnlyForDeploymentPostprocessing = 0;
		};
/* End PBXResourcesBuildPhase section */

/* Begin PBXSourcesBuildPhase section */
		A57D503420E7C4B0002967CC /* Sources */ = {
			isa = PBXSourcesBuildPhase;
			buildActionMask = 2147483647;
			files = (
				A57D503E20E7C4B0002967CC /* ViewController.swift in Sources */,
				A57D503C20E7C4B0002967CC /* AppDelegate.swift in Sources */,
			);
			runOnlyForDeploymentPostprocessing = 0;
		};
/* End PBXSourcesBuildPhase section */

/* Begin PBXVariantGroup section */
		A57D503F20E7C4B0002967CC /* Main.storyboard */ = {
			isa = PBXVariantGroup;
			children = (
				A57D504020E7C4B0002967CC /* Base */,
			);
			name = Main.storyboard;
			sourceTree = "<group>";
		};
		A57D504420E7C4B1002967CC /* LaunchScreen.storyboard */ = {
			isa = PBXVariantGroup;
			children = (
				A57D504520E7C4B1002967CC /* Base */,
			);
			name = LaunchScreen.storyboard;
			sourceTree = "<group>";
		};
/* End PBXVariantGroup section */

/* Begin XCBuildConfiguration section */
		A57D504820E7C4B1002967CC /* Debug */ = {
			isa = XCBuildConfiguration;
			buildSettings = {
				ALWAYS_SEARCH_USER_PATHS = NO;
				CLANG_ANALYZER_NONNULL = YES;
				CLANG_ANALYZER_NUMBER_OBJECT_CONVERSION = YES_AGGRESSIVE;
				CLANG_CXX_LANGUAGE_STANDARD = "gnu++14";
				CLANG_CXX_LIBRARY = "libc++";
				CLANG_ENABLE_MODULES = YES;
				CLANG_ENABLE_OBJC_ARC = YES;
				CLANG_ENABLE_OBJC_WEAK = YES;
				CLANG_WARN_BLOCK_CAPTURE_AUTORELEASING = YES;
				CLANG_WARN_BOOL_CONVERSION = YES;
				CLANG_WARN_COMMA = YES;
				CLANG_WARN_CONSTANT_CONVERSION = YES;
				CLANG_WARN_DEPRECATED_OBJC_IMPLEMENTATIONS = YES;
				CLANG_WARN_DIRECT_OBJC_ISA_USAGE = YES_ERROR;
				CLANG_WARN_DOCUMENTATION_COMMENTS = YES;
				CLANG_WARN_EMPTY_BODY = YES;
				CLANG_WARN_ENUM_CONVERSION = YES;
				CLANG_WARN_INFINITE_RECURSION = YES;
				CLANG_WARN_INT_CONVERSION = YES;
				CLANG_WARN_NON_LITERAL_NULL_CONVERSION = YES;
				CLANG_WARN_OBJC_IMPLICIT_RETAIN_SELF = YES;
				CLANG_WARN_OBJC_LITERAL_CONVERSION = YES;
				CLANG_WARN_OBJC_ROOT_CLASS = YES_ERROR;
				CLANG_WARN_RANGE_LOOP_ANALYSIS = YES;
				CLANG_WARN_STRICT_PROTOTYPES = YES;
				CLANG_WARN_SUSPICIOUS_MOVE = YES;
				CLANG_WARN_UNGUARDED_AVAILABILITY = YES_AGGRESSIVE;
				CLANG_WARN_UNREACHABLE_CODE = YES;
				CLANG_WARN__DUPLICATE_METHOD_MATCH = YES;
				CODE_SIGN_IDENTITY = "iPhone Developer";
				COPY_PHASE_STRIP = NO;
				DEBUG_INFORMATION_FORMAT = dwarf;
				ENABLE_STRICT_OBJC_MSGSEND = YES;
				ENABLE_TESTABILITY = YES;
				GCC_C_LANGUAGE_STANDARD = gnu11;
				GCC_DYNAMIC_NO_PIC = NO;
				GCC_NO_COMMON_BLOCKS = YES;
				GCC_OPTIMIZATION_LEVEL = 0;
				GCC_PREPROCESSOR_DEFINITIONS = (
					"DEBUG=1",
					"$(inherited)",
				);
				GCC_WARN_64_TO_32_BIT_CONVERSION = YES;
				GCC_WARN_ABOUT_RETURN_TYPE = YES_ERROR;
				GCC_WARN_UNDECLARED_SELECTOR = YES;
				GCC_WARN_UNINITIALIZED_AUTOS = YES_AGGRESSIVE;
				GCC_WARN_UNUSED_FUNCTION = YES;
				GCC_WARN_UNUSED_VARIABLE = YES;
				IPHONEOS_DEPLOYMENT_TARGET = 11.4;
				MTL_ENABLE_DEBUG_INFO = YES;
				ONLY_ACTIVE_ARCH = YES;
				SDKROOT = iphoneos;
				SWIFT_ACTIVE_COMPILATION_CONDITIONS = DEBUG;
				SWIFT_OPTIMIZATION_LEVEL = "-Onone";
			};
			name = Debug;
		};
		A57D504920E7C4B1002967CC /* Release */ = {
			isa = XCBuildConfiguration;
			buildSettings = {
				ALWAYS_SEARCH_USER_PATHS = NO;
				CLANG_ANALYZER_NONNULL = YES;
				CLANG_ANALYZER_NUMBER_OBJECT_CONVERSION = YES_AGGRESSIVE;
				CLANG_CXX_LANGUAGE_STANDARD = "gnu++14";
				CLANG_CXX_LIBRARY = "libc++";
				CLANG_ENABLE_MODULES = YES;
				CLANG_ENABLE_OBJC_ARC = YES;
				CLANG_ENABLE_OBJC_WEAK = YES;
				CLANG_WARN_BLOCK_CAPTURE_AUTORELEASING = YES;
				CLANG_WARN_BOOL_CONVERSION = YES;
				CLANG_WARN_COMMA = YES;
				CLANG_WARN_CONSTANT_CONVERSION = YES;
				CLANG_WARN_DEPRECATED_OBJC_IMPLEMENTATIONS = YES;
				CLANG_WARN_DIRECT_OBJC_ISA_USAGE = YES_ERROR;
				CLANG_WARN_DOCUMENTATION_COMMENTS = YES;
				CLANG_WARN_EMPTY_BODY = YES;
				CLANG_WARN_ENUM_CONVERSION = YES;
				CLANG_WARN_INFINITE_RECURSION = YES;
				CLANG_WARN_INT_CONVERSION = YES;
				CLANG_WARN_NON_LITERAL_NULL_CONVERSION = YES;
				CLANG_WARN_OBJC_IMPLICIT_RETAIN_SELF = YES;
				CLANG_WARN_OBJC_LITERAL_CONVERSION = YES;
				CLANG_WARN_OBJC_ROOT_CLASS = YES_ERROR;
				CLANG_WARN_RANGE_LOOP_ANALYSIS = YES;
				CLANG_WARN_STRICT_PROTOTYPES = YES;
				CLANG_WARN_SUSPICIOUS_MOVE = YES;
				CLANG_WARN_UNGUARDED_AVAILABILITY = YES_AGGRESSIVE;
				CLANG_WARN_UNREACHABLE_CODE = YES;
				CLANG_WARN__DUPLICATE_METHOD_MATCH = YES;
				CODE_SIGN_IDENTITY = "iPhone Developer";
				COPY_PHASE_STRIP = NO;
				DEBUG_INFORMATION_FORMAT = "dwarf-with-dsym";
				ENABLE_NS_ASSERTIONS = NO;
				ENABLE_STRICT_OBJC_MSGSEND = YES;
				GCC_C_LANGUAGE_STANDARD = gnu11;
				GCC_NO_COMMON_BLOCKS = YES;
				GCC_WARN_64_TO_32_BIT_CONVERSION = YES;
				GCC_WARN_ABOUT_RETURN_TYPE = YES_ERROR;
				GCC_WARN_UNDECLARED_SELECTOR = YES;
				GCC_WARN_UNINITIALIZED_AUTOS = YES_AGGRESSIVE;
				GCC_WARN_UNUSED_FUNCTION = YES;
				GCC_WARN_UNUSED_VARIABLE = YES;
				IPHONEOS_DEPLOYMENT_TARGET = 11.4;
				MTL_ENABLE_DEBUG_INFO = NO;
				SDKROOT = iphoneos;
				SWIFT_COMPILATION_MODE = wholemodule;
				SWIFT_OPTIMIZATION_LEVEL = "-O";
				VALIDATE_PRODUCT = YES;
			};
			name = Release;
		};
		A57D504B20E7C4B1002967CC /* Debug */ = {
			isa = XCBuildConfiguration;
			buildSettings = {
				ASSETCATALOG_COMPILER_APPICON_NAME = AppIcon;
				CODE_SIGN_STYLE = Automatic;
				INFOPLIST_FILE = "Bridge-iOS/Info.plist";
				LD_RUNPATH_SEARCH_PATHS = (
					"$(inherited)",
					"@executable_path/Frameworks",
				);
				PRODUCT_BUNDLE_IDENTIFIER = "com.codevillain.Bridge-iOS";
				PRODUCT_NAME = "$(TARGET_NAME)";
				SWIFT_VERSION = 4.0;
				TARGETED_DEVICE_FAMILY = "1,2";
			};
			name = Debug;
		};
		A57D504C20E7C4B1002967CC /* Release */ = {
			isa = XCBuildConfiguration;
			buildSettings = {
				ASSETCATALOG_COMPILER_APPICON_NAME = AppIcon;
				CODE_SIGN_STYLE = Automatic;
				INFOPLIST_FILE = "Bridge-iOS/Info.plist";
				LD_RUNPATH_SEARCH_PATHS = (
					"$(inherited)",
					"@executable_path/Frameworks",
				);
				PRODUCT_BUNDLE_IDENTIFIER = "com.codevillain.Bridge-iOS";
				PRODUCT_NAME = "$(TARGET_NAME)";
				SWIFT_VERSION = 4.0;
				TARGETED_DEVICE_FAMILY = "1,2";
			};
			name = Release;
		};
/* End XCBuildConfiguration section */

/* Begin XCConfigurationList section */
		A57D503320E7C4B0002967CC /* Build configuration list for PBXProject "Bridge-iOS" */ = {
			isa = XCConfigurationList;
			buildConfigurations = (
				A57D504820E7C4B1002967CC /* Debug */,
				A57D504920E7C4B1002967CC /* Release */,
			);
			defaultConfigurationIsVisible = 0;
			defaultConfigurationName = Release;
		};
		A57D504A20E7C4B1002967CC /* Build configuration list for PBXNativeTarget "Bridge-iOS" */ = {
			isa = XCConfigurationList;
			buildConfigurations = (
				A57D504B20E7C4B1002967CC /* Debug */,
				A57D504C20E7C4B1002967CC /* Release */,
			);
			defaultConfigurationIsVisible = 0;
			defaultConfigurationName = Release;
		};
/* End XCConfigurationList section */
	};
	rootObject = A57D503020E7C4B0002967CC /* Project object */;
}
