// !$*UTF8*$!
{
	archiveVersion = 1;
	classes = {
	};
	objectVersion = 50;
	objects = {

/* Begin PBXBuildFile section */
		A57D503C20E7C4B0002967CC /* AppDelegate.swift in Sources */ = {isa = PBXBuildFile; fileRef = A57D503B20E7C4B0002967CC /* AppDelegate.swift */; };
		A57D503E20E7C4B0002967CC /* HomeViewController.swift in Sources */ = {isa = PBXBuildFile; fileRef = A57D503D20E7C4B0002967CC /* HomeViewController.swift */; };
		A57D504120E7C4B0002967CC /* Main.storyboard in Resources */ = {isa = PBXBuildFile; fileRef = A57D503F20E7C4B0002967CC /* Main.storyboard */; };
		A57D504320E7C4B1002967CC /* Assets.xcassets in Resources */ = {isa = PBXBuildFile; fileRef = A57D504220E7C4B1002967CC /* Assets.xcassets */; };
		A57D504620E7C4B1002967CC /* LaunchScreen.storyboard in Resources */ = {isa = PBXBuildFile; fileRef = A57D504420E7C4B1002967CC /* LaunchScreen.storyboard */; };
		A5B0440120E898F900755F3E /* LoginViewController.swift in Sources */ = {isa = PBXBuildFile; fileRef = A5B0440020E898F900755F3E /* LoginViewController.swift */; };
		A5B0440820E8A1FA00755F3E /* UIImageNavigationItem.swift in Sources */ = {isa = PBXBuildFile; fileRef = A5B0440720E8A1FA00755F3E /* UIImageNavigationItem.swift */; };
		A5B0440A20E8A48C00755F3E /* UIShadowNavigationBar.swift in Sources */ = {isa = PBXBuildFile; fileRef = A5B0440920E8A48C00755F3E /* UIShadowNavigationBar.swift */; };
		A5B0440C20E8B57400755F3E /* UINoneLineToolbar.swift in Sources */ = {isa = PBXBuildFile; fileRef = A5B0440B20E8B57400755F3E /* UINoneLineToolbar.swift */; };
		A5B0441620E9869B00755F3E /* Bridge_iOSTests.swift in Sources */ = {isa = PBXBuildFile; fileRef = A5B0441520E9869B00755F3E /* Bridge_iOSTests.swift */; };
		A5B0441E20EA49AC00755F3E /* UIContentsCollectionViewCell.swift in Sources */ = {isa = PBXBuildFile; fileRef = A5B0441D20EA49AC00755F3E /* UIContentsCollectionViewCell.swift */; };
		A5B0442220EA50C200755F3E /* UIContentsOuterView.swift in Sources */ = {isa = PBXBuildFile; fileRef = A5B0442120EA50C200755F3E /* UIContentsOuterView.swift */; };
		A5B0442420EA89B400755F3E /* UICustomTabBarItem.swift in Sources */ = {isa = PBXBuildFile; fileRef = A5B0442320EA89B400755F3E /* UICustomTabBarItem.swift */; };
		A5B0442720EAB0BB00755F3E /* Bolts.framework in Frameworks */ = {isa = PBXBuildFile; fileRef = A5B0442620EAB0BB00755F3E /* Bolts.framework */; };
		A5B0442920EAB0D000755F3E /* FBSDKCoreKit.framework in Frameworks */ = {isa = PBXBuildFile; fileRef = A5B0442820EAB0D000755F3E /* FBSDKCoreKit.framework */; };
		A5B0442B20EAB0D700755F3E /* FBSDKLoginKit.framework in Frameworks */ = {isa = PBXBuildFile; fileRef = A5B0442A20EAB0D700755F3E /* FBSDKLoginKit.framework */; };
		A5B0442F20EAB0F800755F3E /* FBSDKShareKit.framework in Frameworks */ = {isa = PBXBuildFile; fileRef = A5B0442E20EAB0F800755F3E /* FBSDKShareKit.framework */; };
		A5B0443920EAF89800755F3E /* GoogleSignIn.bundle in Resources */ = {isa = PBXBuildFile; fileRef = A5B0443820EAF89800755F3E /* GoogleSignIn.bundle */; };
		A5B0443E20EAF8F800755F3E /* GoogleSignIn.framework in Frameworks */ = {isa = PBXBuildFile; fileRef = A5B0443C20EAF8F800755F3E /* GoogleSignIn.framework */; };
		A5B0443F20EAF8F800755F3E /* GoogleSignInDependencies.framework in Frameworks */ = {isa = PBXBuildFile; fileRef = A5B0443D20EAF8F800755F3E /* GoogleSignInDependencies.framework */; };
		A5B0444120EAF96400755F3E /* SafariServices.framework in Frameworks */ = {isa = PBXBuildFile; fileRef = A5B0444020EAF96400755F3E /* SafariServices.framework */; };
		A5B0444320EAF97000755F3E /* SystemConfiguration.framework in Frameworks */ = {isa = PBXBuildFile; fileRef = A5B0444220EAF97000755F3E /* SystemConfiguration.framework */; };
		A5B0444520EB088B00755F3E /* ProfileViewController.swift in Sources */ = {isa = PBXBuildFile; fileRef = A5B0444420EB088B00755F3E /* ProfileViewController.swift */; };
		A5B0444720EB0F2700755F3E /* UICircularImageView.swift in Sources */ = {isa = PBXBuildFile; fileRef = A5B0444620EB0F2700755F3E /* UICircularImageView.swift */; };
		A5B0444A20EB19F300755F3E /* UIColorExtension.swift in Sources */ = {isa = PBXBuildFile; fileRef = A5B0444920EB19F300755F3E /* UIColorExtension.swift */; };
		A5B0445020EB252600755F3E /* SearchViewController.swift in Sources */ = {isa = PBXBuildFile; fileRef = A5B0444F20EB252600755F3E /* SearchViewController.swift */; };
		A5BD29B520EB8AF400BACECA /* UIShadowSearchBar.swift in Sources */ = {isa = PBXBuildFile; fileRef = A5BD29B420EB8AF400BACECA /* UIShadowSearchBar.swift */; };
		A5BD29BD20EC015000BACECA /* UIBannerCollectionViewCell.swift in Sources */ = {isa = PBXBuildFile; fileRef = A5BD29BC20EC015000BACECA /* UIBannerCollectionViewCell.swift */; };
		A5BD29BF20EC2A1400BACECA /* SubscribeViewController.swift in Sources */ = {isa = PBXBuildFile; fileRef = A5BD29BE20EC2A1400BACECA /* SubscribeViewController.swift */; };
		A5BD29C420EDE6F400BACECA /* UIRoundSearchBar.swift in Sources */ = {isa = PBXBuildFile; fileRef = A5BD29C320EDE6F400BACECA /* UIRoundSearchBar.swift */; };
		A5BD29C620EDF00D00BACECA /* UIRoundButton.swift in Sources */ = {isa = PBXBuildFile; fileRef = A5BD29C520EDF00D00BACECA /* UIRoundButton.swift */; };
		A5BD29CC20EE0C6800BACECA /* WriteInterpretationViewController.swift in Sources */ = {isa = PBXBuildFile; fileRef = A5BD29CB20EE0C6800BACECA /* WriteInterpretationViewController.swift */; };
		A5BD29CE20EE0C9400BACECA /* InterpretationViewController.swift in Sources */ = {isa = PBXBuildFile; fileRef = A5BD29CD20EE0C9400BACECA /* InterpretationViewController.swift */; };
		A5E17D8B20E871FB0059ADBB /* ContentsViewController.swift in Sources */ = {isa = PBXBuildFile; fileRef = A5E17D8A20E871FB0059ADBB /* ContentsViewController.swift */; };
		A5E17D8D20E872070059ADBB /* LibraryViewController.swift in Sources */ = {isa = PBXBuildFile; fileRef = A5E17D8C20E872070059ADBB /* LibraryViewController.swift */; };
		A5E17D8F20E872170059ADBB /* RequestViewController.swift in Sources */ = {isa = PBXBuildFile; fileRef = A5E17D8E20E872170059ADBB /* RequestViewController.swift */; };
/* End PBXBuildFile section */

/* Begin PBXContainerItemProxy section */
		A5B0441820E9869B00755F3E /* PBXContainerItemProxy */ = {
			isa = PBXContainerItemProxy;
			containerPortal = A57D503020E7C4B0002967CC /* Project object */;
			proxyType = 1;
			remoteGlobalIDString = A57D503720E7C4B0002967CC;
			remoteInfo = "Bridge-iOS";
		};
/* End PBXContainerItemProxy section */

/* Begin PBXFileReference section */
		A57D503820E7C4B0002967CC /* Bridge-iOS.app */ = {isa = PBXFileReference; explicitFileType = wrapper.application; includeInIndex = 0; path = "Bridge-iOS.app"; sourceTree = BUILT_PRODUCTS_DIR; };
		A57D503B20E7C4B0002967CC /* AppDelegate.swift */ = {isa = PBXFileReference; lastKnownFileType = sourcecode.swift; path = AppDelegate.swift; sourceTree = "<group>"; };
		A57D503D20E7C4B0002967CC /* HomeViewController.swift */ = {isa = PBXFileReference; lastKnownFileType = sourcecode.swift; path = HomeViewController.swift; sourceTree = "<group>"; };
		A57D504020E7C4B0002967CC /* Base */ = {isa = PBXFileReference; lastKnownFileType = file.storyboard; name = Base; path = Base.lproj/Main.storyboard; sourceTree = "<group>"; };
		A57D504220E7C4B1002967CC /* Assets.xcassets */ = {isa = PBXFileReference; lastKnownFileType = folder.assetcatalog; path = Assets.xcassets; sourceTree = "<group>"; };
		A57D504520E7C4B1002967CC /* Base */ = {isa = PBXFileReference; lastKnownFileType = file.storyboard; name = Base; path = Base.lproj/LaunchScreen.storyboard; sourceTree = "<group>"; };
		A57D504720E7C4B1002967CC /* Info.plist */ = {isa = PBXFileReference; lastKnownFileType = text.plist.xml; path = Info.plist; sourceTree = "<group>"; };
		A5B0440020E898F900755F3E /* LoginViewController.swift */ = {isa = PBXFileReference; lastKnownFileType = sourcecode.swift; path = LoginViewController.swift; sourceTree = "<group>"; };
		A5B0440720E8A1FA00755F3E /* UIImageNavigationItem.swift */ = {isa = PBXFileReference; lastKnownFileType = sourcecode.swift; path = UIImageNavigationItem.swift; sourceTree = "<group>"; };
		A5B0440920E8A48C00755F3E /* UIShadowNavigationBar.swift */ = {isa = PBXFileReference; lastKnownFileType = sourcecode.swift; path = UIShadowNavigationBar.swift; sourceTree = "<group>"; };
		A5B0440B20E8B57400755F3E /* UINoneLineToolbar.swift */ = {isa = PBXFileReference; lastKnownFileType = sourcecode.swift; path = UINoneLineToolbar.swift; sourceTree = "<group>"; };
		A5B0441320E9869B00755F3E /* Bridge-iOSTests.xctest */ = {isa = PBXFileReference; explicitFileType = wrapper.cfbundle; includeInIndex = 0; path = "Bridge-iOSTests.xctest"; sourceTree = BUILT_PRODUCTS_DIR; };
		A5B0441520E9869B00755F3E /* Bridge_iOSTests.swift */ = {isa = PBXFileReference; lastKnownFileType = sourcecode.swift; path = Bridge_iOSTests.swift; sourceTree = "<group>"; };
		A5B0441720E9869B00755F3E /* Info.plist */ = {isa = PBXFileReference; lastKnownFileType = text.plist.xml; path = Info.plist; sourceTree = "<group>"; };
		A5B0441D20EA49AC00755F3E /* UIContentsCollectionViewCell.swift */ = {isa = PBXFileReference; lastKnownFileType = sourcecode.swift; path = UIContentsCollectionViewCell.swift; sourceTree = "<group>"; };
		A5B0442120EA50C200755F3E /* UIContentsOuterView.swift */ = {isa = PBXFileReference; lastKnownFileType = sourcecode.swift; path = UIContentsOuterView.swift; sourceTree = "<group>"; };
		A5B0442320EA89B400755F3E /* UICustomTabBarItem.swift */ = {isa = PBXFileReference; lastKnownFileType = sourcecode.swift; path = UICustomTabBarItem.swift; sourceTree = "<group>"; };
		A5B0442620EAB0BB00755F3E /* Bolts.framework */ = {isa = PBXFileReference; lastKnownFileType = wrapper.framework; name = Bolts.framework; path = ../../../../Documents/FacebookSDK/Bolts.framework; sourceTree = "<group>"; };
		A5B0442820EAB0D000755F3E /* FBSDKCoreKit.framework */ = {isa = PBXFileReference; lastKnownFileType = wrapper.framework; name = FBSDKCoreKit.framework; path = ../../../../Documents/FacebookSDK/FBSDKCoreKit.framework; sourceTree = "<group>"; };
		A5B0442A20EAB0D700755F3E /* FBSDKLoginKit.framework */ = {isa = PBXFileReference; lastKnownFileType = wrapper.framework; name = FBSDKLoginKit.framework; path = ../../../../Documents/FacebookSDK/FBSDKLoginKit.framework; sourceTree = "<group>"; };
		A5B0442C20EAB0E300755F3E /* FBSDKMessengerShareKit.framework */ = {isa = PBXFileReference; lastKnownFileType = wrapper.framework; name = FBSDKMessengerShareKit.framework; path = ../../../../Documents/FacebookSDK/FBSDKMessengerShareKit.framework; sourceTree = "<group>"; };
		A5B0442E20EAB0F800755F3E /* FBSDKShareKit.framework */ = {isa = PBXFileReference; lastKnownFileType = wrapper.framework; name = FBSDKShareKit.framework; path = ../../../../Documents/FacebookSDK/FBSDKShareKit.framework; sourceTree = "<group>"; };
		A5B0443820EAF89800755F3E /* GoogleSignIn.bundle */ = {isa = PBXFileReference; lastKnownFileType = "wrapper.plug-in"; name = GoogleSignIn.bundle; path = ../../../../Documents/GoogleSDK/GoogleSignIn.bundle; sourceTree = "<group>"; };
		A5B0443C20EAF8F800755F3E /* GoogleSignIn.framework */ = {isa = PBXFileReference; lastKnownFileType = wrapper.framework; name = GoogleSignIn.framework; path = ../../../../Documents/GoogleSDK/GoogleSignIn.framework; sourceTree = "<group>"; };
		A5B0443D20EAF8F800755F3E /* GoogleSignInDependencies.framework */ = {isa = PBXFileReference; lastKnownFileType = wrapper.framework; name = GoogleSignInDependencies.framework; path = ../../../../Documents/GoogleSDK/GoogleSignInDependencies.framework; sourceTree = "<group>"; };
		A5B0444020EAF96400755F3E /* SafariServices.framework */ = {isa = PBXFileReference; lastKnownFileType = wrapper.framework; name = SafariServices.framework; path = System/Library/Frameworks/SafariServices.framework; sourceTree = SDKROOT; };
		A5B0444220EAF97000755F3E /* SystemConfiguration.framework */ = {isa = PBXFileReference; lastKnownFileType = wrapper.framework; name = SystemConfiguration.framework; path = System/Library/Frameworks/SystemConfiguration.framework; sourceTree = SDKROOT; };
		A5B0444420EB088B00755F3E /* ProfileViewController.swift */ = {isa = PBXFileReference; lastKnownFileType = sourcecode.swift; path = ProfileViewController.swift; sourceTree = "<group>"; };
		A5B0444620EB0F2700755F3E /* UICircularImageView.swift */ = {isa = PBXFileReference; lastKnownFileType = sourcecode.swift; path = UICircularImageView.swift; sourceTree = "<group>"; };
		A5B0444920EB19F300755F3E /* UIColorExtension.swift */ = {isa = PBXFileReference; lastKnownFileType = sourcecode.swift; path = UIColorExtension.swift; sourceTree = "<group>"; };
		A5B0444F20EB252600755F3E /* SearchViewController.swift */ = {isa = PBXFileReference; lastKnownFileType = sourcecode.swift; path = SearchViewController.swift; sourceTree = "<group>"; };
		A5BD29B420EB8AF400BACECA /* UIShadowSearchBar.swift */ = {isa = PBXFileReference; lastKnownFileType = sourcecode.swift; path = UIShadowSearchBar.swift; sourceTree = "<group>"; };
		A5BD29BC20EC015000BACECA /* UIBannerCollectionViewCell.swift */ = {isa = PBXFileReference; lastKnownFileType = sourcecode.swift; path = UIBannerCollectionViewCell.swift; sourceTree = "<group>"; };
		A5BD29BE20EC2A1400BACECA /* SubscribeViewController.swift */ = {isa = PBXFileReference; lastKnownFileType = sourcecode.swift; path = SubscribeViewController.swift; sourceTree = "<group>"; };
		A5BD29C320EDE6F400BACECA /* UIRoundSearchBar.swift */ = {isa = PBXFileReference; lastKnownFileType = sourcecode.swift; path = UIRoundSearchBar.swift; sourceTree = "<group>"; };
		A5BD29C520EDF00D00BACECA /* UIRoundButton.swift */ = {isa = PBXFileReference; lastKnownFileType = sourcecode.swift; path = UIRoundButton.swift; sourceTree = "<group>"; };
		A5BD29CB20EE0C6800BACECA /* WriteInterpretationViewController.swift */ = {isa = PBXFileReference; lastKnownFileType = sourcecode.swift; path = WriteInterpretationViewController.swift; sourceTree = "<group>"; };
		A5BD29CD20EE0C9400BACECA /* InterpretationViewController.swift */ = {isa = PBXFileReference; lastKnownFileType = sourcecode.swift; path = InterpretationViewController.swift; sourceTree = "<group>"; };
		A5E17D8A20E871FB0059ADBB /* ContentsViewController.swift */ = {isa = PBXFileReference; lastKnownFileType = sourcecode.swift; path = ContentsViewController.swift; sourceTree = "<group>"; };
		A5E17D8C20E872070059ADBB /* LibraryViewController.swift */ = {isa = PBXFileReference; lastKnownFileType = sourcecode.swift; path = LibraryViewController.swift; sourceTree = "<group>"; };
		A5E17D8E20E872170059ADBB /* RequestViewController.swift */ = {isa = PBXFileReference; lastKnownFileType = sourcecode.swift; path = RequestViewController.swift; sourceTree = "<group>"; };
/* End PBXFileReference section */

/* Begin PBXFrameworksBuildPhase section */
		A57D503520E7C4B0002967CC /* Frameworks */ = {
			isa = PBXFrameworksBuildPhase;
			buildActionMask = 2147483647;
			files = (
				A5B0444320EAF97000755F3E /* SystemConfiguration.framework in Frameworks */,
				A5B0444120EAF96400755F3E /* SafariServices.framework in Frameworks */,
				A5B0443E20EAF8F800755F3E /* GoogleSignIn.framework in Frameworks */,
				A5B0443F20EAF8F800755F3E /* GoogleSignInDependencies.framework in Frameworks */,
				A5B0442720EAB0BB00755F3E /* Bolts.framework in Frameworks */,
				A5B0442920EAB0D000755F3E /* FBSDKCoreKit.framework in Frameworks */,
				A5B0442B20EAB0D700755F3E /* FBSDKLoginKit.framework in Frameworks */,
				A5B0442F20EAB0F800755F3E /* FBSDKShareKit.framework in Frameworks */,
			);
			runOnlyForDeploymentPostprocessing = 0;
		};
		A5B0441020E9869B00755F3E /* Frameworks */ = {
			isa = PBXFrameworksBuildPhase;
			buildActionMask = 2147483647;
			files = (
			);
			runOnlyForDeploymentPostprocessing = 0;
		};
/* End PBXFrameworksBuildPhase section */

/* Begin PBXGroup section */
		A57D502F20E7C4B0002967CC = {
			isa = PBXGroup;
			children = (
				A5B0443820EAF89800755F3E /* GoogleSignIn.bundle */,
				A57D503A20E7C4B0002967CC /* Bridge-iOS */,
				A5B0441420E9869B00755F3E /* Bridge-iOSTests */,
				A57D503920E7C4B0002967CC /* Products */,
				A5B0442520EAB0BB00755F3E /* Frameworks */,
			);
			sourceTree = "<group>";
		};
		A57D503920E7C4B0002967CC /* Products */ = {
			isa = PBXGroup;
			children = (
				A57D503820E7C4B0002967CC /* Bridge-iOS.app */,
				A5B0441320E9869B00755F3E /* Bridge-iOSTests.xctest */,
			);
			name = Products;
			sourceTree = "<group>";
		};
		A57D503A20E7C4B0002967CC /* Bridge-iOS */ = {
			isa = PBXGroup;
			children = (
				A5B0440220E89FE100755F3E /* Util */,
				A5E17D8720E86EE50059ADBB /* Asset */,
				A5E17D8920E86EF40059ADBB /* Storyboard */,
				A5E17D8820E86EEC0059ADBB /* ViewController */,
				A57D503B20E7C4B0002967CC /* AppDelegate.swift */,
				A57D504720E7C4B1002967CC /* Info.plist */,
			);
			path = "Bridge-iOS";
			sourceTree = "<group>";
		};
		A5B0440220E89FE100755F3E /* Util */ = {
			isa = PBXGroup;
			children = (
				A5B0444820EB19E600755F3E /* Extension */,
				A5B0440420E8A00000755F3E /* UI */,
			);
			path = Util;
			sourceTree = "<group>";
		};
		A5B0440420E8A00000755F3E /* UI */ = {
			isa = PBXGroup;
			children = (
				A5B0440720E8A1FA00755F3E /* UIImageNavigationItem.swift */,
				A5B0440920E8A48C00755F3E /* UIShadowNavigationBar.swift */,
				A5B0440B20E8B57400755F3E /* UINoneLineToolbar.swift */,
				A5B0441D20EA49AC00755F3E /* UIContentsCollectionViewCell.swift */,
				A5B0442120EA50C200755F3E /* UIContentsOuterView.swift */,
				A5B0442320EA89B400755F3E /* UICustomTabBarItem.swift */,
				A5B0444620EB0F2700755F3E /* UICircularImageView.swift */,
				A5BD29B420EB8AF400BACECA /* UIShadowSearchBar.swift */,
				A5BD29BC20EC015000BACECA /* UIBannerCollectionViewCell.swift */,
				A5BD29C320EDE6F400BACECA /* UIRoundSearchBar.swift */,
				A5BD29C520EDF00D00BACECA /* UIRoundButton.swift */,
			);
			path = UI;
			sourceTree = "<group>";
		};
		A5B0441420E9869B00755F3E /* Bridge-iOSTests */ = {
			isa = PBXGroup;
			children = (
				A5B0441520E9869B00755F3E /* Bridge_iOSTests.swift */,
				A5B0441720E9869B00755F3E /* Info.plist */,
			);
			path = "Bridge-iOSTests";
			sourceTree = "<group>";
		};
		A5B0442520EAB0BB00755F3E /* Frameworks */ = {
			isa = PBXGroup;
			children = (
				A5B0444220EAF97000755F3E /* SystemConfiguration.framework */,
				A5B0444020EAF96400755F3E /* SafariServices.framework */,
				A5B0443C20EAF8F800755F3E /* GoogleSignIn.framework */,
				A5B0443D20EAF8F800755F3E /* GoogleSignInDependencies.framework */,
				A5B0442E20EAB0F800755F3E /* FBSDKShareKit.framework */,
				A5B0442C20EAB0E300755F3E /* FBSDKMessengerShareKit.framework */,
				A5B0442A20EAB0D700755F3E /* FBSDKLoginKit.framework */,
				A5B0442820EAB0D000755F3E /* FBSDKCoreKit.framework */,
				A5B0442620EAB0BB00755F3E /* Bolts.framework */,
			);
			name = Frameworks;
			sourceTree = "<group>";
		};
		A5B0444820EB19E600755F3E /* Extension */ = {
			isa = PBXGroup;
			children = (
				A5B0444920EB19F300755F3E /* UIColorExtension.swift */,
			);
			path = Extension;
			sourceTree = "<group>";
		};
		A5E17D8720E86EE50059ADBB /* Asset */ = {
			isa = PBXGroup;
			children = (
				A57D504220E7C4B1002967CC /* Assets.xcassets */,
			);
			path = Asset;
			sourceTree = "<group>";
		};
		A5E17D8820E86EEC0059ADBB /* ViewController */ = {
			isa = PBXGroup;
			children = (
				A57D503D20E7C4B0002967CC /* HomeViewController.swift */,
				A5E17D8A20E871FB0059ADBB /* ContentsViewController.swift */,
				A5E17D8E20E872170059ADBB /* RequestViewController.swift */,
				A5E17D8C20E872070059ADBB /* LibraryViewController.swift */,
				A5B0440020E898F900755F3E /* LoginViewController.swift */,
				A5B0444420EB088B00755F3E /* ProfileViewController.swift */,
				A5B0444F20EB252600755F3E /* SearchViewController.swift */,
				A5BD29BE20EC2A1400BACECA /* SubscribeViewController.swift */,
				A5BD29CB20EE0C6800BACECA /* WriteInterpretationViewController.swift */,
				A5BD29CD20EE0C9400BACECA /* InterpretationViewController.swift */,
			);
			path = ViewController;
			sourceTree = "<group>";
		};
		A5E17D8920E86EF40059ADBB /* Storyboard */ = {
			isa = PBXGroup;
			children = (
				A57D503F20E7C4B0002967CC /* Main.storyboard */,
				A57D504420E7C4B1002967CC /* LaunchScreen.storyboard */,
			);
			path = Storyboard;
			sourceTree = "<group>";
		};
/* End PBXGroup section */

/* Begin PBXNativeTarget section */
		A57D503720E7C4B0002967CC /* Bridge-iOS */ = {
			isa = PBXNativeTarget;
			buildConfigurationList = A57D504A20E7C4B1002967CC /* Build configuration list for PBXNativeTarget "Bridge-iOS" */;
			buildPhases = (
				A57D503420E7C4B0002967CC /* Sources */,
				A57D503520E7C4B0002967CC /* Frameworks */,
				A57D503620E7C4B0002967CC /* Resources */,
			);
			buildRules = (
			);
			dependencies = (
			);
			name = "Bridge-iOS";
			productName = "Bridge-iOS";
			productReference = A57D503820E7C4B0002967CC /* Bridge-iOS.app */;
			productType = "com.apple.product-type.application";
		};
		A5B0441220E9869B00755F3E /* Bridge-iOSTests */ = {
			isa = PBXNativeTarget;
			buildConfigurationList = A5B0441A20E9869B00755F3E /* Build configuration list for PBXNativeTarget "Bridge-iOSTests" */;
			buildPhases = (
				A5B0440F20E9869B00755F3E /* Sources */,
				A5B0441020E9869B00755F3E /* Frameworks */,
				A5B0441120E9869B00755F3E /* Resources */,
			);
			buildRules = (
			);
			dependencies = (
				A5B0441920E9869B00755F3E /* PBXTargetDependency */,
			);
			name = "Bridge-iOSTests";
			productName = "Bridge-iOSTests";
			productReference = A5B0441320E9869B00755F3E /* Bridge-iOSTests.xctest */;
			productType = "com.apple.product-type.bundle.unit-test";
		};
/* End PBXNativeTarget section */

/* Begin PBXProject section */
		A57D503020E7C4B0002967CC /* Project object */ = {
			isa = PBXProject;
			attributes = {
				LastSwiftUpdateCheck = 0940;
				LastUpgradeCheck = 0940;
				ORGANIZATIONNAME = codevillain;
				TargetAttributes = {
					A57D503720E7C4B0002967CC = {
						CreatedOnToolsVersion = 9.4.1;
					};
					A5B0441220E9869B00755F3E = {
						CreatedOnToolsVersion = 9.4.1;
						TestTargetID = A57D503720E7C4B0002967CC;
					};
				};
			};
			buildConfigurationList = A57D503320E7C4B0002967CC /* Build configuration list for PBXProject "Bridge-iOS" */;
			compatibilityVersion = "Xcode 9.3";
			developmentRegion = en;
			hasScannedForEncodings = 0;
			knownRegions = (
				en,
				Base,
			);
			mainGroup = A57D502F20E7C4B0002967CC;
			productRefGroup = A57D503920E7C4B0002967CC /* Products */;
			projectDirPath = "";
			projectRoot = "";
			targets = (
				A57D503720E7C4B0002967CC /* Bridge-iOS */,
				A5B0441220E9869B00755F3E /* Bridge-iOSTests */,
			);
		};
/* End PBXProject section */

/* Begin PBXResourcesBuildPhase section */
		A57D503620E7C4B0002967CC /* Resources */ = {
			isa = PBXResourcesBuildPhase;
			buildActionMask = 2147483647;
			files = (
				A5B0443920EAF89800755F3E /* GoogleSignIn.bundle in Resources */,
				A57D504620E7C4B1002967CC /* LaunchScreen.storyboard in Resources */,
				A57D504320E7C4B1002967CC /* Assets.xcassets in Resources */,
				A57D504120E7C4B0002967CC /* Main.storyboard in Resources */,
			);
			runOnlyForDeploymentPostprocessing = 0;
		};
		A5B0441120E9869B00755F3E /* Resources */ = {
			isa = PBXResourcesBuildPhase;
			buildActionMask = 2147483647;
			files = (
			);
			runOnlyForDeploymentPostprocessing = 0;
		};
/* End PBXResourcesBuildPhase section */

/* Begin PBXSourcesBuildPhase section */
		A57D503420E7C4B0002967CC /* Sources */ = {
			isa = PBXSourcesBuildPhase;
			buildActionMask = 2147483647;
			files = (
				A5B0440120E898F900755F3E /* LoginViewController.swift in Sources */,
				A57D503E20E7C4B0002967CC /* HomeViewController.swift in Sources */,
				A5B0444A20EB19F300755F3E /* UIColorExtension.swift in Sources */,
				A5BD29CC20EE0C6800BACECA /* WriteInterpretationViewController.swift in Sources */,
				A5BD29BD20EC015000BACECA /* UIBannerCollectionViewCell.swift in Sources */,
				A5B0445020EB252600755F3E /* SearchViewController.swift in Sources */,
				A57D503C20E7C4B0002967CC /* AppDelegate.swift in Sources */,
				A5B0444720EB0F2700755F3E /* UICircularImageView.swift in Sources */,
				A5E17D8F20E872170059ADBB /* RequestViewController.swift in Sources */,
				A5BD29C420EDE6F400BACECA /* UIRoundSearchBar.swift in Sources */,
				A5E17D8D20E872070059ADBB /* LibraryViewController.swift in Sources */,
				A5BD29BF20EC2A1400BACECA /* SubscribeViewController.swift in Sources */,
				A5B0440C20E8B57400755F3E /* UINoneLineToolbar.swift in Sources */,
				A5B0442220EA50C200755F3E /* UIContentsOuterView.swift in Sources */,
				A5BD29B520EB8AF400BACECA /* UIShadowSearchBar.swift in Sources */,
				A5B0442420EA89B400755F3E /* UICustomTabBarItem.swift in Sources */,
				A5B0441E20EA49AC00755F3E /* UIContentsCollectionViewCell.swift in Sources */,
				A5E17D8B20E871FB0059ADBB /* ContentsViewController.swift in Sources */,
				A5B0444520EB088B00755F3E /* ProfileViewController.swift in Sources */,
				A5BD29CE20EE0C9400BACECA /* InterpretationViewController.swift in Sources */,
				A5B0440820E8A1FA00755F3E /* UIImageNavigationItem.swift in Sources */,
				A5B0440A20E8A48C00755F3E /* UIShadowNavigationBar.swift in Sources */,
				A5BD29C620EDF00D00BACECA /* UIRoundButton.swift in Sources */,
			);
			runOnlyForDeploymentPostprocessing = 0;
		};
		A5B0440F20E9869B00755F3E /* Sources */ = {
			isa = PBXSourcesBuildPhase;
			buildActionMask = 2147483647;
			files = (
				A5B0441620E9869B00755F3E /* Bridge_iOSTests.swift in Sources */,
			);
			runOnlyForDeploymentPostprocessing = 0;
		};
/* End PBXSourcesBuildPhase section */

/* Begin PBXTargetDependency section */
		A5B0441920E9869B00755F3E /* PBXTargetDependency */ = {
			isa = PBXTargetDependency;
			target = A57D503720E7C4B0002967CC /* Bridge-iOS */;
			targetProxy = A5B0441820E9869B00755F3E /* PBXContainerItemProxy */;
		};
/* End PBXTargetDependency section */

/* Begin PBXVariantGroup section */
		A57D503F20E7C4B0002967CC /* Main.storyboard */ = {
			isa = PBXVariantGroup;
			children = (
				A57D504020E7C4B0002967CC /* Base */,
			);
			name = Main.storyboard;
			sourceTree = "<group>";
		};
		A57D504420E7C4B1002967CC /* LaunchScreen.storyboard */ = {
			isa = PBXVariantGroup;
			children = (
				A57D504520E7C4B1002967CC /* Base */,
			);
			name = LaunchScreen.storyboard;
			sourceTree = "<group>";
		};
/* End PBXVariantGroup section */

/* Begin XCBuildConfiguration section */
		A57D504820E7C4B1002967CC /* Debug */ = {
			isa = XCBuildConfiguration;
			buildSettings = {
				ALWAYS_SEARCH_USER_PATHS = NO;
				CLANG_ANALYZER_NONNULL = YES;
				CLANG_ANALYZER_NUMBER_OBJECT_CONVERSION = YES_AGGRESSIVE;
				CLANG_CXX_LANGUAGE_STANDARD = "gnu++14";
				CLANG_CXX_LIBRARY = "libc++";
				CLANG_ENABLE_MODULES = YES;
				CLANG_ENABLE_OBJC_ARC = YES;
				CLANG_ENABLE_OBJC_WEAK = YES;
				CLANG_WARN_BLOCK_CAPTURE_AUTORELEASING = YES;
				CLANG_WARN_BOOL_CONVERSION = YES;
				CLANG_WARN_COMMA = YES;
				CLANG_WARN_CONSTANT_CONVERSION = YES;
				CLANG_WARN_DEPRECATED_OBJC_IMPLEMENTATIONS = YES;
				CLANG_WARN_DIRECT_OBJC_ISA_USAGE = YES_ERROR;
				CLANG_WARN_DOCUMENTATION_COMMENTS = YES;
				CLANG_WARN_EMPTY_BODY = YES;
				CLANG_WARN_ENUM_CONVERSION = YES;
				CLANG_WARN_INFINITE_RECURSION = YES;
				CLANG_WARN_INT_CONVERSION = YES;
				CLANG_WARN_NON_LITERAL_NULL_CONVERSION = YES;
				CLANG_WARN_OBJC_IMPLICIT_RETAIN_SELF = YES;
				CLANG_WARN_OBJC_LITERAL_CONVERSION = YES;
				CLANG_WARN_OBJC_ROOT_CLASS = YES_ERROR;
				CLANG_WARN_RANGE_LOOP_ANALYSIS = YES;
				CLANG_WARN_STRICT_PROTOTYPES = YES;
				CLANG_WARN_SUSPICIOUS_MOVE = YES;
				CLANG_WARN_UNGUARDED_AVAILABILITY = YES_AGGRESSIVE;
				CLANG_WARN_UNREACHABLE_CODE = YES;
				CLANG_WARN__DUPLICATE_METHOD_MATCH = YES;
				CODE_SIGN_IDENTITY = "iPhone Developer";
				COPY_PHASE_STRIP = NO;
				DEBUG_INFORMATION_FORMAT = dwarf;
				ENABLE_STRICT_OBJC_MSGSEND = YES;
				ENABLE_TESTABILITY = YES;
				GCC_C_LANGUAGE_STANDARD = gnu11;
				GCC_DYNAMIC_NO_PIC = NO;
				GCC_NO_COMMON_BLOCKS = YES;
				GCC_OPTIMIZATION_LEVEL = 0;
				GCC_PREPROCESSOR_DEFINITIONS = (
					"DEBUG=1",
					"$(inherited)",
				);
				GCC_WARN_64_TO_32_BIT_CONVERSION = YES;
				GCC_WARN_ABOUT_RETURN_TYPE = YES_ERROR;
				GCC_WARN_UNDECLARED_SELECTOR = YES;
				GCC_WARN_UNINITIALIZED_AUTOS = YES_AGGRESSIVE;
				GCC_WARN_UNUSED_FUNCTION = YES;
				GCC_WARN_UNUSED_VARIABLE = YES;
				IPHONEOS_DEPLOYMENT_TARGET = 11.4;
				MTL_ENABLE_DEBUG_INFO = YES;
				ONLY_ACTIVE_ARCH = YES;
				SDKROOT = iphoneos;
				SWIFT_ACTIVE_COMPILATION_CONDITIONS = DEBUG;
				SWIFT_OPTIMIZATION_LEVEL = "-Onone";
			};
			name = Debug;
		};
		A57D504920E7C4B1002967CC /* Release */ = {
			isa = XCBuildConfiguration;
			buildSettings = {
				ALWAYS_SEARCH_USER_PATHS = NO;
				CLANG_ANALYZER_NONNULL = YES;
				CLANG_ANALYZER_NUMBER_OBJECT_CONVERSION = YES_AGGRESSIVE;
				CLANG_CXX_LANGUAGE_STANDARD = "gnu++14";
				CLANG_CXX_LIBRARY = "libc++";
				CLANG_ENABLE_MODULES = YES;
				CLANG_ENABLE_OBJC_ARC = YES;
				CLANG_ENABLE_OBJC_WEAK = YES;
				CLANG_WARN_BLOCK_CAPTURE_AUTORELEASING = YES;
				CLANG_WARN_BOOL_CONVERSION = YES;
				CLANG_WARN_COMMA = YES;
				CLANG_WARN_CONSTANT_CONVERSION = YES;
				CLANG_WARN_DEPRECATED_OBJC_IMPLEMENTATIONS = YES;
				CLANG_WARN_DIRECT_OBJC_ISA_USAGE = YES_ERROR;
				CLANG_WARN_DOCUMENTATION_COMMENTS = YES;
				CLANG_WARN_EMPTY_BODY = YES;
				CLANG_WARN_ENUM_CONVERSION = YES;
				CLANG_WARN_INFINITE_RECURSION = YES;
				CLANG_WARN_INT_CONVERSION = YES;
				CLANG_WARN_NON_LITERAL_NULL_CONVERSION = YES;
				CLANG_WARN_OBJC_IMPLICIT_RETAIN_SELF = YES;
				CLANG_WARN_OBJC_LITERAL_CONVERSION = YES;
				CLANG_WARN_OBJC_ROOT_CLASS = YES_ERROR;
				CLANG_WARN_RANGE_LOOP_ANALYSIS = YES;
				CLANG_WARN_STRICT_PROTOTYPES = YES;
				CLANG_WARN_SUSPICIOUS_MOVE = YES;
				CLANG_WARN_UNGUARDED_AVAILABILITY = YES_AGGRESSIVE;
				CLANG_WARN_UNREACHABLE_CODE = YES;
				CLANG_WARN__DUPLICATE_METHOD_MATCH = YES;
				CODE_SIGN_IDENTITY = "iPhone Developer";
				COPY_PHASE_STRIP = NO;
				DEBUG_INFORMATION_FORMAT = "dwarf-with-dsym";
				ENABLE_NS_ASSERTIONS = NO;
				ENABLE_STRICT_OBJC_MSGSEND = YES;
				GCC_C_LANGUAGE_STANDARD = gnu11;
				GCC_NO_COMMON_BLOCKS = YES;
				GCC_WARN_64_TO_32_BIT_CONVERSION = YES;
				GCC_WARN_ABOUT_RETURN_TYPE = YES_ERROR;
				GCC_WARN_UNDECLARED_SELECTOR = YES;
				GCC_WARN_UNINITIALIZED_AUTOS = YES_AGGRESSIVE;
				GCC_WARN_UNUSED_FUNCTION = YES;
				GCC_WARN_UNUSED_VARIABLE = YES;
				IPHONEOS_DEPLOYMENT_TARGET = 11.4;
				MTL_ENABLE_DEBUG_INFO = NO;
				SDKROOT = iphoneos;
				SWIFT_COMPILATION_MODE = wholemodule;
				SWIFT_OPTIMIZATION_LEVEL = "-O";
				VALIDATE_PRODUCT = YES;
			};
			name = Release;
		};
		A57D504B20E7C4B1002967CC /* Debug */ = {
			isa = XCBuildConfiguration;
			buildSettings = {
				ALWAYS_EMBED_SWIFT_STANDARD_LIBRARIES = "$(inherited)";
				ASSETCATALOG_COMPILER_APPICON_NAME = AppIcon;
				CODE_SIGN_STYLE = Automatic;
				DEVELOPMENT_TEAM = 526389PKKJ;
				FRAMEWORK_SEARCH_PATHS = (
					"~/Documents/FacebookSDK",
					"~/Documents/GoogleSDK",
					"$(inherited)",
				);
				INFOPLIST_FILE = "Bridge-iOS/Info.plist";
				LD_RUNPATH_SEARCH_PATHS = (
					"$(inherited)",
					"@executable_path/Frameworks",
				);
				OTHER_LDFLAGS = (
					"$(OTHER_LDFLAGS)",
					"-ObjC",
					"$(inherited)",
				);
				PRODUCT_BUNDLE_IDENTIFIER = com.soptbridge.bridge;
				PRODUCT_NAME = "$(TARGET_NAME)";
				SWIFT_VERSION = 4.0;
				TARGETED_DEVICE_FAMILY = "1,2";
			};
			name = Debug;
		};
		A57D504C20E7C4B1002967CC /* Release */ = {
			isa = XCBuildConfiguration;
			buildSettings = {
				ALWAYS_EMBED_SWIFT_STANDARD_LIBRARIES = "$(inherited)";
				ASSETCATALOG_COMPILER_APPICON_NAME = AppIcon;
				CODE_SIGN_STYLE = Automatic;
				DEVELOPMENT_TEAM = 526389PKKJ;
				FRAMEWORK_SEARCH_PATHS = (
					"~/Documents/FacebookSDK",
					"~/Documents/GoogleSDK",
					"$(inherited)",
				);
				INFOPLIST_FILE = "Bridge-iOS/Info.plist";
				LD_RUNPATH_SEARCH_PATHS = (
					"$(inherited)",
					"@executable_path/Frameworks",
				);
				ONLY_ACTIVE_ARCH = YES;
				OTHER_LDFLAGS = (
					"$(OTHER_LDFLAGS)",
					"-ObjC",
					"$(inherited)",
				);
				PRODUCT_BUNDLE_IDENTIFIER = com.soptbridge.bridge;
				PRODUCT_NAME = "$(TARGET_NAME)";
				SWIFT_VERSION = 4.0;
				TARGETED_DEVICE_FAMILY = "1,2";
			};
			name = Release;
		};
		A5B0441B20E9869B00755F3E /* Debug */ = {
			isa = XCBuildConfiguration;
			buildSettings = {
				BUNDLE_LOADER = "$(TEST_HOST)";
				CODE_SIGN_STYLE = Automatic;
				DEVELOPMENT_TEAM = 526389PKKJ;
				INFOPLIST_FILE = "Bridge-iOSTests/Info.plist";
				LD_RUNPATH_SEARCH_PATHS = (
					"$(inherited)",
					"@executable_path/Frameworks",
					"@loader_path/Frameworks",
				);
				PRODUCT_BUNDLE_IDENTIFIER = "com.codevillain.Bridge-iOSTests";
				PRODUCT_NAME = "$(TARGET_NAME)";
				SWIFT_VERSION = 4.0;
				TARGETED_DEVICE_FAMILY = "1,2";
				TEST_HOST = "$(BUILT_PRODUCTS_DIR)/Bridge-iOS.app/Bridge-iOS";
			};
			name = Debug;
		};
		A5B0441C20E9869B00755F3E /* Release */ = {
			isa = XCBuildConfiguration;
			buildSettings = {
				BUNDLE_LOADER = "$(TEST_HOST)";
				CODE_SIGN_STYLE = Automatic;
				DEVELOPMENT_TEAM = 526389PKKJ;
				INFOPLIST_FILE = "Bridge-iOSTests/Info.plist";
				LD_RUNPATH_SEARCH_PATHS = (
					"$(inherited)",
					"@executable_path/Frameworks",
					"@loader_path/Frameworks",
				);
				PRODUCT_BUNDLE_IDENTIFIER = "com.codevillain.Bridge-iOSTests";
				PRODUCT_NAME = "$(TARGET_NAME)";
				SWIFT_VERSION = 4.0;
				TARGETED_DEVICE_FAMILY = "1,2";
				TEST_HOST = "$(BUILT_PRODUCTS_DIR)/Bridge-iOS.app/Bridge-iOS";
			};
			name = Release;
		};
/* End XCBuildConfiguration section */

/* Begin XCConfigurationList section */
		A57D503320E7C4B0002967CC /* Build configuration list for PBXProject "Bridge-iOS" */ = {
			isa = XCConfigurationList;
			buildConfigurations = (
				A57D504820E7C4B1002967CC /* Debug */,
				A57D504920E7C4B1002967CC /* Release */,
			);
			defaultConfigurationIsVisible = 0;
			defaultConfigurationName = Release;
		};
		A57D504A20E7C4B1002967CC /* Build configuration list for PBXNativeTarget "Bridge-iOS" */ = {
			isa = XCConfigurationList;
			buildConfigurations = (
				A57D504B20E7C4B1002967CC /* Debug */,
				A57D504C20E7C4B1002967CC /* Release */,
			);
			defaultConfigurationIsVisible = 0;
			defaultConfigurationName = Release;
		};
		A5B0441A20E9869B00755F3E /* Build configuration list for PBXNativeTarget "Bridge-iOSTests" */ = {
			isa = XCConfigurationList;
			buildConfigurations = (
				A5B0441B20E9869B00755F3E /* Debug */,
				A5B0441C20E9869B00755F3E /* Release */,
			);
			defaultConfigurationIsVisible = 0;
			defaultConfigurationName = Release;
		};
/* End XCConfigurationList section */
	};
	rootObject = A57D503020E7C4B0002967CC /* Project object */;
}
